
Microsoft Visual Studio Solution File, Format Version 12.00
# Visual Studio Version 17
VisualStudioVersion = 17.14.36429.23
MinimumVisualStudioVersion = 10.0.40219.1
Project("{2150E333-8FDC-42A3-9474-1A3956D46DE8}") = "src", "src", "{02EA681E-C7D8-13C7-8484-4AC65E1B71E8}"
EndProject
Project("{2150E333-8FDC-42A3-9474-1A3956D46DE8}") = "tests", "tests", "{B524016E-D70C-4362-93A4-470174DD80AE}"
EndProject
Project("{FAE04EC0-301F-11D3-BF4B-00C04F79EFBC}") = "FCG.TechChallenge.Jogos.Application", "src\FCG.TechChallenge.Jogos.Application\FCG.TechChallenge.Jogos.Application.csproj", "{932FD0C1-F0F6-4187-8D60-78DA26F34313}"
EndProject
Project("{FAE04EC0-301F-11D3-BF4B-00C04F79EFBC}") = "FCG.TechChallenge.Jogos.Domain", "src\FCG.TechChallenge.Jogos.Domain\FCG.TechChallenge.Jogos.Domain.csproj", "{76945138-E658-488C-BB0C-223516372AF9}"
EndProject
Project("{FAE04EC0-301F-11D3-BF4B-00C04F79EFBC}") = "FCG.TechChallenge.Jogos.Infrastructure", "src\FCG.TechChallenge.Jogos.Infrastructure\FCG.TechChallenge.Jogos.Infrastructure.csproj", "{95E65BE7-95B5-47AE-8505-4FF4A5984667}"
EndProject
Project("{FAE04EC0-301F-11D3-BF4B-00C04F79EFBC}") = "FCG.TechChallenge.Jogos.UnitTests", "tests\FCG.TechChallenge.Jogos.UnitTests\FCG.TechChallenge.Jogos.UnitTests.csproj", "{203AB6F8-C8BA-4FB0-9A83-EDE74B825EB8}"
EndProject
Project("{FAE04EC0-301F-11D3-BF4B-00C04F79EFBC}") = "FCG.TechChallenge.Jogos.IntegrationTests", "tests\FCG.TechChallenge.Jogos.IntegrationTests\FCG.TechChallenge.Jogos.IntegrationTests.csproj", "{A8785353-A527-4634-9F85-3581F1FA52BC}"
EndProject
Project("{FAE04EC0-301F-11D3-BF4B-00C04F79EFBC}") = "FCG.TechChallenge.Jogos.Functions", "src\FCG.TechChallenge.Jogos.Functions\FCG.TechChallenge.Jogos.Functions.csproj", "{ECE2E600-8D00-FF94-2113-A436F24730BD}"
EndProject
Project("{FAE04EC0-301F-11D3-BF4B-00C04F79EFBC}") = "FCG.TechChallenge.Jogos.Contracts", "src\FCG.TechChallenge.Jogos.Contracts\FCG.TechChallenge.Jogos.Contracts.csproj", "{D2E4639D-64D8-4815-AD0C-CD949202EBEE}"
EndProject
Project("{FAE04EC0-301F-11D3-BF4B-00C04F79EFBC}") = "FCG.TechChallenge.Jogos.Api", "src\FCG.TechChallenge.Jogos.Api\FCG.TechChallenge.Jogos.Api.csproj", "{557173E2-E216-4336-9F1D-6608D483ABEE}"
EndProject
Project("{E53339B2-1760-4266-BCC7-CA923CBCF16C}") = "docker-compose", "docker-compose.dcproj", "{94960338-7828-4061-8930-019904791337}"
EndProject
Global
	GlobalSection(SolutionConfigurationPlatforms) = preSolution
		Debug|Any CPU = Debug|Any CPU
		Debug|x64 = Debug|x64
		Debug|x86 = Debug|x86
		Release|Any CPU = Release|Any CPU
		Release|x64 = Release|x64
		Release|x86 = Release|x86
	EndGlobalSection
	GlobalSection(ProjectConfigurationPlatforms) = postSolution
		{932FD0C1-F0F6-4187-8D60-78DA26F34313}.Debug|Any CPU.ActiveCfg = Debug|Any CPU
		{932FD0C1-F0F6-4187-8D60-78DA26F34313}.Debug|Any CPU.Build.0 = Debug|Any CPU
		{932FD0C1-F0F6-4187-8D60-78DA26F34313}.Debug|x64.ActiveCfg = Debug|Any CPU
		{932FD0C1-F0F6-4187-8D60-78DA26F34313}.Debug|x64.Build.0 = Debug|Any CPU
		{932FD0C1-F0F6-4187-8D60-78DA26F34313}.Debug|x86.ActiveCfg = Debug|Any CPU
		{932FD0C1-F0F6-4187-8D60-78DA26F34313}.Debug|x86.Build.0 = Debug|Any CPU
		{932FD0C1-F0F6-4187-8D60-78DA26F34313}.Release|Any CPU.ActiveCfg = Release|Any CPU
		{932FD0C1-F0F6-4187-8D60-78DA26F34313}.Release|Any CPU.Build.0 = Release|Any CPU
		{932FD0C1-F0F6-4187-8D60-78DA26F34313}.Release|x64.ActiveCfg = Release|Any CPU
		{932FD0C1-F0F6-4187-8D60-78DA26F34313}.Release|x64.Build.0 = Release|Any CPU
		{932FD0C1-F0F6-4187-8D60-78DA26F34313}.Release|x86.ActiveCfg = Release|Any CPU
		{932FD0C1-F0F6-4187-8D60-78DA26F34313}.Release|x86.Build.0 = Release|Any CPU
		{76945138-E658-488C-BB0C-223516372AF9}.Debug|Any CPU.ActiveCfg = Debug|Any CPU
		{76945138-E658-488C-BB0C-223516372AF9}.Debug|Any CPU.Build.0 = Debug|Any CPU
		{76945138-E658-488C-BB0C-223516372AF9}.Debug|x64.ActiveCfg = Debug|Any CPU
		{76945138-E658-488C-BB0C-223516372AF9}.Debug|x64.Build.0 = Debug|Any CPU
		{76945138-E658-488C-BB0C-223516372AF9}.Debug|x86.ActiveCfg = Debug|Any CPU
		{76945138-E658-488C-BB0C-223516372AF9}.Debug|x86.Build.0 = Debug|Any CPU
		{76945138-E658-488C-BB0C-223516372AF9}.Release|Any CPU.ActiveCfg = Release|Any CPU
		{76945138-E658-488C-BB0C-223516372AF9}.Release|Any CPU.Build.0 = Release|Any CPU
		{76945138-E658-488C-BB0C-223516372AF9}.Release|x64.ActiveCfg = Release|Any CPU
		{76945138-E658-488C-BB0C-223516372AF9}.Release|x64.Build.0 = Release|Any CPU
		{76945138-E658-488C-BB0C-223516372AF9}.Release|x86.ActiveCfg = Release|Any CPU
		{76945138-E658-488C-BB0C-223516372AF9}.Release|x86.Build.0 = Release|Any CPU
		{95E65BE7-95B5-47AE-8505-4FF4A5984667}.Debug|Any CPU.ActiveCfg = Debug|Any CPU
		{95E65BE7-95B5-47AE-8505-4FF4A5984667}.Debug|Any CPU.Build.0 = Debug|Any CPU
		{95E65BE7-95B5-47AE-8505-4FF4A5984667}.Debug|x64.ActiveCfg = Debug|Any CPU
		{95E65BE7-95B5-47AE-8505-4FF4A5984667}.Debug|x64.Build.0 = Debug|Any CPU
		{95E65BE7-95B5-47AE-8505-4FF4A5984667}.Debug|x86.ActiveCfg = Debug|Any CPU
		{95E65BE7-95B5-47AE-8505-4FF4A5984667}.Debug|x86.Build.0 = Debug|Any CPU
		{95E65BE7-95B5-47AE-8505-4FF4A5984667}.Release|Any CPU.ActiveCfg = Release|Any CPU
		{95E65BE7-95B5-47AE-8505-4FF4A5984667}.Release|Any CPU.Build.0 = Release|Any CPU
		{95E65BE7-95B5-47AE-8505-4FF4A5984667}.Release|x64.ActiveCfg = Release|Any CPU
		{95E65BE7-95B5-47AE-8505-4FF4A5984667}.Release|x64.Build.0 = Release|Any CPU
		{95E65BE7-95B5-47AE-8505-4FF4A5984667}.Release|x86.ActiveCfg = Release|Any CPU
		{95E65BE7-95B5-47AE-8505-4FF4A5984667}.Release|x86.Build.0 = Release|Any CPU
		{203AB6F8-C8BA-4FB0-9A83-EDE74B825EB8}.Debug|Any CPU.ActiveCfg = Debug|Any CPU
		{203AB6F8-C8BA-4FB0-9A83-EDE74B825EB8}.Debug|Any CPU.Build.0 = Debug|Any CPU
		{203AB6F8-C8BA-4FB0-9A83-EDE74B825EB8}.Debug|x64.ActiveCfg = Debug|Any CPU
		{203AB6F8-C8BA-4FB0-9A83-EDE74B825EB8}.Debug|x64.Build.0 = Debug|Any CPU
		{203AB6F8-C8BA-4FB0-9A83-EDE74B825EB8}.Debug|x86.ActiveCfg = Debug|Any CPU
		{203AB6F8-C8BA-4FB0-9A83-EDE74B825EB8}.Debug|x86.Build.0 = Debug|Any CPU
		{203AB6F8-C8BA-4FB0-9A83-EDE74B825EB8}.Release|Any CPU.ActiveCfg = Release|Any CPU
		{203AB6F8-C8BA-4FB0-9A83-EDE74B825EB8}.Release|Any CPU.Build.0 = Release|Any CPU
		{203AB6F8-C8BA-4FB0-9A83-EDE74B825EB8}.Release|x64.ActiveCfg = Release|Any CPU
		{203AB6F8-C8BA-4FB0-9A83-EDE74B825EB8}.Release|x64.Build.0 = Release|Any CPU
		{203AB6F8-C8BA-4FB0-9A83-EDE74B825EB8}.Release|x86.ActiveCfg = Release|Any CPU
		{203AB6F8-C8BA-4FB0-9A83-EDE74B825EB8}.Release|x86.Build.0 = Release|Any CPU
		{A8785353-A527-4634-9F85-3581F1FA52BC}.Debug|Any CPU.ActiveCfg = Debug|Any CPU
		{A8785353-A527-4634-9F85-3581F1FA52BC}.Debug|Any CPU.Build.0 = Debug|Any CPU
		{A8785353-A527-4634-9F85-3581F1FA52BC}.Debug|x64.ActiveCfg = Debug|Any CPU
		{A8785353-A527-4634-9F85-3581F1FA52BC}.Debug|x64.Build.0 = Debug|Any CPU
		{A8785353-A527-4634-9F85-3581F1FA52BC}.Debug|x86.ActiveCfg = Debug|Any CPU
		{A8785353-A527-4634-9F85-3581F1FA52BC}.Debug|x86.Build.0 = Debug|Any CPU
		{A8785353-A527-4634-9F85-3581F1FA52BC}.Release|Any CPU.ActiveCfg = Release|Any CPU
		{A8785353-A527-4634-9F85-3581F1FA52BC}.Release|Any CPU.Build.0 = Release|Any CPU
		{A8785353-A527-4634-9F85-3581F1FA52BC}.Release|x64.ActiveCfg = Release|Any CPU
		{A8785353-A527-4634-9F85-3581F1FA52BC}.Release|x64.Build.0 = Release|Any CPU
		{A8785353-A527-4634-9F85-3581F1FA52BC}.Release|x86.ActiveCfg = Release|Any CPU
		{A8785353-A527-4634-9F85-3581F1FA52BC}.Release|x86.Build.0 = Release|Any CPU
		{ECE2E600-8D00-FF94-2113-A436F24730BD}.Debug|Any CPU.ActiveCfg = Debug|Any CPU
		{ECE2E600-8D00-FF94-2113-A436F24730BD}.Debug|Any CPU.Build.0 = Debug|Any CPU
		{ECE2E600-8D00-FF94-2113-A436F24730BD}.Debug|x64.ActiveCfg = Debug|Any CPU
		{ECE2E600-8D00-FF94-2113-A436F24730BD}.Debug|x64.Build.0 = Debug|Any CPU
		{ECE2E600-8D00-FF94-2113-A436F24730BD}.Debug|x86.ActiveCfg = Debug|Any CPU
		{ECE2E600-8D00-FF94-2113-A436F24730BD}.Debug|x86.Build.0 = Debug|Any CPU
		{ECE2E600-8D00-FF94-2113-A436F24730BD}.Release|Any CPU.ActiveCfg = Release|Any CPU
		{ECE2E600-8D00-FF94-2113-A436F24730BD}.Release|Any CPU.Build.0 = Release|Any CPU
		{ECE2E600-8D00-FF94-2113-A436F24730BD}.Release|x64.ActiveCfg = Release|Any CPU
		{ECE2E600-8D00-FF94-2113-A436F24730BD}.Release|x64.Build.0 = Release|Any CPU
		{ECE2E600-8D00-FF94-2113-A436F24730BD}.Release|x86.ActiveCfg = Release|Any CPU
		{ECE2E600-8D00-FF94-2113-A436F24730BD}.Release|x86.Build.0 = Release|Any CPU
		{D2E4639D-64D8-4815-AD0C-CD949202EBEE}.Debug|Any CPU.ActiveCfg = Debug|Any CPU
		{D2E4639D-64D8-4815-AD0C-CD949202EBEE}.Debug|Any CPU.Build.0 = Debug|Any CPU
		{D2E4639D-64D8-4815-AD0C-CD949202EBEE}.Debug|x64.ActiveCfg = Debug|Any CPU
		{D2E4639D-64D8-4815-AD0C-CD949202EBEE}.Debug|x64.Build.0 = Debug|Any CPU
		{D2E4639D-64D8-4815-AD0C-CD949202EBEE}.Debug|x86.ActiveCfg = Debug|Any CPU
		{D2E4639D-64D8-4815-AD0C-CD949202EBEE}.Debug|x86.Build.0 = Debug|Any CPU
		{D2E4639D-64D8-4815-AD0C-CD949202EBEE}.Release|Any CPU.ActiveCfg = Release|Any CPU
		{D2E4639D-64D8-4815-AD0C-CD949202EBEE}.Release|Any CPU.Build.0 = Release|Any CPU
		{D2E4639D-64D8-4815-AD0C-CD949202EBEE}.Release|x64.ActiveCfg = Release|Any CPU
		{D2E4639D-64D8-4815-AD0C-CD949202EBEE}.Release|x64.Build.0 = Release|Any CPU
		{D2E4639D-64D8-4815-AD0C-CD949202EBEE}.Release|x86.ActiveCfg = Release|Any CPU
		{D2E4639D-64D8-4815-AD0C-CD949202EBEE}.Release|x86.Build.0 = Release|Any CPU
		{557173E2-E216-4336-9F1D-6608D483ABEE}.Debug|Any CPU.ActiveCfg = Debug|Any CPU
		{557173E2-E216-4336-9F1D-6608D483ABEE}.Debug|Any CPU.Build.0 = Debug|Any CPU
		{557173E2-E216-4336-9F1D-6608D483ABEE}.Debug|x64.ActiveCfg = Debug|Any CPU
		{557173E2-E216-4336-9F1D-6608D483ABEE}.Debug|x64.Build.0 = Debug|Any CPU
		{557173E2-E216-4336-9F1D-6608D483ABEE}.Debug|x86.ActiveCfg = Debug|Any CPU
		{557173E2-E216-4336-9F1D-6608D483ABEE}.Debug|x86.Build.0 = Debug|Any CPU
		{557173E2-E216-4336-9F1D-6608D483ABEE}.Release|Any CPU.ActiveCfg = Release|Any CPU
		{557173E2-E216-4336-9F1D-6608D483ABEE}.Release|Any CPU.Build.0 = Release|Any CPU
		{557173E2-E216-4336-9F1D-6608D483ABEE}.Release|x64.ActiveCfg = Release|Any CPU
		{557173E2-E216-4336-9F1D-6608D483ABEE}.Release|x64.Build.0 = Release|Any CPU
		{557173E2-E216-4336-9F1D-6608D483ABEE}.Release|x86.ActiveCfg = Release|Any CPU
		{557173E2-E216-4336-9F1D-6608D483ABEE}.Release|x86.Build.0 = Release|Any CPU
		{94960338-7828-4061-8930-019904791337}.Debug|Any CPU.ActiveCfg = Debug|Any CPU
		{94960338-7828-4061-8930-019904791337}.Debug|x64.ActiveCfg = Debug|Any CPU
		{94960338-7828-4061-8930-019904791337}.Debug|x86.ActiveCfg = Debug|Any CPU
		{94960338-7828-4061-8930-019904791337}.Release|Any CPU.ActiveCfg = Release|Any CPU
		{94960338-7828-4061-8930-019904791337}.Release|x64.ActiveCfg = Release|Any CPU
		{94960338-7828-4061-8930-019904791337}.Release|x86.ActiveCfg = Release|Any CPU
	EndGlobalSection
	GlobalSection(SolutionProperties) = preSolution
		HideSolutionNode = FALSE
	EndGlobalSection
	GlobalSection(NestedProjects) = preSolution
		{932FD0C1-F0F6-4187-8D60-78DA26F34313} = {02EA681E-C7D8-13C7-8484-4AC65E1B71E8}
		{76945138-E658-488C-BB0C-223516372AF9} = {02EA681E-C7D8-13C7-8484-4AC65E1B71E8}
		{95E65BE7-95B5-47AE-8505-4FF4A5984667} = {02EA681E-C7D8-13C7-8484-4AC65E1B71E8}
		{203AB6F8-C8BA-4FB0-9A83-EDE74B825EB8} = {B524016E-D70C-4362-93A4-470174DD80AE}
		{A8785353-A527-4634-9F85-3581F1FA52BC} = {B524016E-D70C-4362-93A4-470174DD80AE}
		{ECE2E600-8D00-FF94-2113-A436F24730BD} = {02EA681E-C7D8-13C7-8484-4AC65E1B71E8}
		{D2E4639D-64D8-4815-AD0C-CD949202EBEE} = {02EA681E-C7D8-13C7-8484-4AC65E1B71E8}
		{557173E2-E216-4336-9F1D-6608D483ABEE} = {02EA681E-C7D8-13C7-8484-4AC65E1B71E8}
	EndGlobalSection
	GlobalSection(ExtensibilityGlobals) = postSolution
		SolutionGuid = {878BF01A-7DF3-4D05-AFEC-D5C8C7111D89}
	EndGlobalSection
EndGlobal
